
Microsoft Visual Studio Solution File, Format Version 12.00
# Visual Studio 15
VisualStudioVersion = 15.0.28010.2026
MinimumVisualStudioVersion = 10.0.40219.1
Project("{FAE04EC0-301F-11D3-BF4B-00C04F79EFBC}") = "HospitalManagementSystem", "HospitalManagementSystem\HospitalManagementSystem.csproj", "{4083BBAD-285B-4A36-9F59-F74B3EB652AB}"
EndProject
Global
	GlobalSection(SolutionConfigurationPlatforms) = preSolution
		Debug|Any CPU = Debug|Any CPU
		Release|Any CPU = Release|Any CPU
	EndGlobalSection
	GlobalSection(ProjectConfigurationPlatforms) = postSolution
		{4083BBAD-285B-4A36-9F59-F74B3EB652AB}.Debug|Any CPU.ActiveCfg = Debug|Any CPU
		{4083BBAD-285B-4A36-9F59-F74B3EB652AB}.Debug|Any CPU.Build.0 = Debug|Any CPU
		{4083BBAD-285B-4A36-9F59-F74B3EB652AB}.Release|Any CPU.ActiveCfg = Release|Any CPU
		{4083BBAD-285B-4A36-9F59-F74B3EB652AB}.Release|Any CPU.Build.0 = Release|Any CPU
	EndGlobalSection
	GlobalSection(SolutionProperties) = preSolution
		HideSolutionNode = FALSE
	EndGlobalSection
	GlobalSection(ExtensibilityGlobals) = postSolution
		SolutionGuid = {D9E3D9A0-8842-4B78-9397-7083BE5A8C1B}
	EndGlobalSection
EndGlobal
